
Microsoft Visual Studio Solution File, Format Version 12.00
# Visual Studio Version 17
VisualStudioVersion = 17.7.34221.43
MinimumVisualStudioVersion = 10.0.40219.1
Project("{FAE04EC0-301F-11D3-BF4B-00C04F79EFBC}") = "WebClient", "WebClient\WebClient.csproj", "{5B5B916F-166B-46F3-8F7A-FD87B2394181}"
EndProject
Project("{FAE04EC0-301F-11D3-BF4B-00C04F79EFBC}") = "Config", "Config\Config.csproj", "{21ED5D9D-D095-48CC-B264-B5297BE6D5ED}"
EndProject
Project("{FAE04EC0-301F-11D3-BF4B-00C04F79EFBC}") = "Utilities", "Utilities\Utilities.csproj", "{CCE90E8F-1ABA-4FD4-8151-F5BCDC72242F}"
EndProject
Project("{FAE04EC0-301F-11D3-BF4B-00C04F79EFBC}") = "Helpers", "Helpers\Helpers.csproj", "{1B32580E-49AD-443A-9323-4D5CB7112185}"
EndProject
Project("{FAE04EC0-301F-11D3-BF4B-00C04F79EFBC}") = "Services.Contracts", "Services.Contracts\Services.Contracts.csproj", "{110536E8-0C82-492F-B4FC-051527733F90}"
EndProject
Project("{FAE04EC0-301F-11D3-BF4B-00C04F79EFBC}") = "Services", "Services\Services.csproj", "{33363F34-4D18-45B8-8A32-4CF19943420A}"
EndProject
Project("{FAE04EC0-301F-11D3-BF4B-00C04F79EFBC}") = "DataAccess", "DataAccess\DataAccess.csproj", "{A41E2265-2739-4075-9B25-448633322932}"
EndProject
Project("{FAE04EC0-301F-11D3-BF4B-00C04F79EFBC}") = "Entities", "Entities\Entities.csproj", "{81950D6E-48EA-4B36-9A82-3589685FC691}"
EndProject
Project("{FAE04EC0-301F-11D3-BF4B-00C04F79EFBC}") = "Web.Mvc", "Demo.Web.Mvc\Web.Mvc.csproj", "{FB3614D0-CA94-44BF-8D53-E356A1FFF816}"
EndProject
Project("{FAE04EC0-301F-11D3-BF4B-00C04F79EFBC}") = "StartAppNinject", "NinjectStart\StartAppNinject.csproj", "{FB3614D0-CA94-44BF-8D53-E356A1FFF817}"
EndProject
Global
	GlobalSection(SolutionConfigurationPlatforms) = preSolution
		AWS|Any CPU = AWS|Any CPU
		AwsTest|Any CPU = AwsTest|Any CPU
		Debug|Any CPU = Debug|Any CPU
		Release|Any CPU = Release|Any CPU
	EndGlobalSection
	GlobalSection(ProjectConfigurationPlatforms) = postSolution
		{5B5B916F-166B-46F3-8F7A-FD87B2394181}.AWS|Any CPU.ActiveCfg = Debug|Any CPU
		{5B5B916F-166B-46F3-8F7A-FD87B2394181}.AWS|Any CPU.Build.0 = Debug|Any CPU
		{5B5B916F-166B-46F3-8F7A-FD87B2394181}.AwsTest|Any CPU.ActiveCfg = Debug|Any CPU
		{5B5B916F-166B-46F3-8F7A-FD87B2394181}.AwsTest|Any CPU.Build.0 = Debug|Any CPU
		{5B5B916F-166B-46F3-8F7A-FD87B2394181}.Debug|Any CPU.ActiveCfg = Debug|Any CPU
		{5B5B916F-166B-46F3-8F7A-FD87B2394181}.Debug|Any CPU.Build.0 = Debug|Any CPU
		{5B5B916F-166B-46F3-8F7A-FD87B2394181}.Release|Any CPU.ActiveCfg = Release|Any CPU
		{5B5B916F-166B-46F3-8F7A-FD87B2394181}.Release|Any CPU.Build.0 = Release|Any CPU
		{21ED5D9D-D095-48CC-B264-B5297BE6D5ED}.AWS|Any CPU.ActiveCfg = AWS|Any CPU
		{21ED5D9D-D095-48CC-B264-B5297BE6D5ED}.AWS|Any CPU.Build.0 = AWS|Any CPU
		{21ED5D9D-D095-48CC-B264-B5297BE6D5ED}.AwsTest|Any CPU.ActiveCfg = AwsTest|Any CPU
		{21ED5D9D-D095-48CC-B264-B5297BE6D5ED}.AwsTest|Any CPU.Build.0 = AwsTest|Any CPU
		{21ED5D9D-D095-48CC-B264-B5297BE6D5ED}.Debug|Any CPU.ActiveCfg = Debug|Any CPU
		{21ED5D9D-D095-48CC-B264-B5297BE6D5ED}.Debug|Any CPU.Build.0 = Debug|Any CPU
		{21ED5D9D-D095-48CC-B264-B5297BE6D5ED}.Release|Any CPU.ActiveCfg = Release|Any CPU
		{21ED5D9D-D095-48CC-B264-B5297BE6D5ED}.Release|Any CPU.Build.0 = Release|Any CPU
		{CCE90E8F-1ABA-4FD4-8151-F5BCDC72242F}.AWS|Any CPU.ActiveCfg = AWS|Any CPU
		{CCE90E8F-1ABA-4FD4-8151-F5BCDC72242F}.AWS|Any CPU.Build.0 = AWS|Any CPU
		{CCE90E8F-1ABA-4FD4-8151-F5BCDC72242F}.AwsTest|Any CPU.ActiveCfg = AwsTest|Any CPU
		{CCE90E8F-1ABA-4FD4-8151-F5BCDC72242F}.AwsTest|Any CPU.Build.0 = AwsTest|Any CPU
		{CCE90E8F-1ABA-4FD4-8151-F5BCDC72242F}.Debug|Any CPU.ActiveCfg = Debug|Any CPU
		{CCE90E8F-1ABA-4FD4-8151-F5BCDC72242F}.Debug|Any CPU.Build.0 = Debug|Any CPU
		{CCE90E8F-1ABA-4FD4-8151-F5BCDC72242F}.Release|Any CPU.ActiveCfg = Release|Any CPU
		{CCE90E8F-1ABA-4FD4-8151-F5BCDC72242F}.Release|Any CPU.Build.0 = Release|Any CPU
		{1B32580E-49AD-443A-9323-4D5CB7112185}.AWS|Any CPU.ActiveCfg = AWS|Any CPU
		{1B32580E-49AD-443A-9323-4D5CB7112185}.AWS|Any CPU.Build.0 = AWS|Any CPU
		{1B32580E-49AD-443A-9323-4D5CB7112185}.AwsTest|Any CPU.ActiveCfg = AwsTest|Any CPU
		{1B32580E-49AD-443A-9323-4D5CB7112185}.AwsTest|Any CPU.Build.0 = AwsTest|Any CPU
		{1B32580E-49AD-443A-9323-4D5CB7112185}.Debug|Any CPU.ActiveCfg = Debug|Any CPU
		{1B32580E-49AD-443A-9323-4D5CB7112185}.Debug|Any CPU.Build.0 = Debug|Any CPU
		{1B32580E-49AD-443A-9323-4D5CB7112185}.Release|Any CPU.ActiveCfg = Release|Any CPU
		{1B32580E-49AD-443A-9323-4D5CB7112185}.Release|Any CPU.Build.0 = Release|Any CPU
		{110536E8-0C82-492F-B4FC-051527733F90}.AWS|Any CPU.ActiveCfg = AWS|Any CPU
		{110536E8-0C82-492F-B4FC-051527733F90}.AWS|Any CPU.Build.0 = AWS|Any CPU
		{110536E8-0C82-492F-B4FC-051527733F90}.AwsTest|Any CPU.ActiveCfg = AwsTest|Any CPU
		{110536E8-0C82-492F-B4FC-051527733F90}.AwsTest|Any CPU.Build.0 = AwsTest|Any CPU
		{110536E8-0C82-492F-B4FC-051527733F90}.Debug|Any CPU.ActiveCfg = Debug|Any CPU
		{110536E8-0C82-492F-B4FC-051527733F90}.Debug|Any CPU.Build.0 = Debug|Any CPU
		{110536E8-0C82-492F-B4FC-051527733F90}.Release|Any CPU.ActiveCfg = Release|Any CPU
		{110536E8-0C82-492F-B4FC-051527733F90}.Release|Any CPU.Build.0 = Release|Any CPU
		{33363F34-4D18-45B8-8A32-4CF19943420A}.AWS|Any CPU.ActiveCfg = AWS|Any CPU
		{33363F34-4D18-45B8-8A32-4CF19943420A}.AWS|Any CPU.Build.0 = AWS|Any CPU
		{33363F34-4D18-45B8-8A32-4CF19943420A}.AwsTest|Any CPU.ActiveCfg = AwsTest|Any CPU
		{33363F34-4D18-45B8-8A32-4CF19943420A}.AwsTest|Any CPU.Build.0 = AwsTest|Any CPU
		{33363F34-4D18-45B8-8A32-4CF19943420A}.Debug|Any CPU.ActiveCfg = Debug|Any CPU
		{33363F34-4D18-45B8-8A32-4CF19943420A}.Debug|Any CPU.Build.0 = Debug|Any CPU
		{33363F34-4D18-45B8-8A32-4CF19943420A}.Release|Any CPU.ActiveCfg = Release|Any CPU
		{33363F34-4D18-45B8-8A32-4CF19943420A}.Release|Any CPU.Build.0 = Release|Any CPU
		{A41E2265-2739-4075-9B25-448633322932}.AWS|Any CPU.ActiveCfg = AWS|Any CPU
		{A41E2265-2739-4075-9B25-448633322932}.AWS|Any CPU.Build.0 = AWS|Any CPU
		{A41E2265-2739-4075-9B25-448633322932}.AwsTest|Any CPU.ActiveCfg = AwsTest|Any CPU
		{A41E2265-2739-4075-9B25-448633322932}.AwsTest|Any CPU.Build.0 = AwsTest|Any CPU
		{A41E2265-2739-4075-9B25-448633322932}.Debug|Any CPU.ActiveCfg = Debug|Any CPU
		{A41E2265-2739-4075-9B25-448633322932}.Debug|Any CPU.Build.0 = Debug|Any CPU
		{A41E2265-2739-4075-9B25-448633322932}.Release|Any CPU.ActiveCfg = Release|Any CPU
		{A41E2265-2739-4075-9B25-448633322932}.Release|Any CPU.Build.0 = Release|Any CPU
		{81950D6E-48EA-4B36-9A82-3589685FC691}.AWS|Any CPU.ActiveCfg = Debug|Any CPU
		{81950D6E-48EA-4B36-9A82-3589685FC691}.AWS|Any CPU.Build.0 = Debug|Any CPU
		{81950D6E-48EA-4B36-9A82-3589685FC691}.AwsTest|Any CPU.ActiveCfg = Debug|Any CPU
		{81950D6E-48EA-4B36-9A82-3589685FC691}.AwsTest|Any CPU.Build.0 = Debug|Any CPU
		{81950D6E-48EA-4B36-9A82-3589685FC691}.Debug|Any CPU.ActiveCfg = Debug|Any CPU
		{81950D6E-48EA-4B36-9A82-3589685FC691}.Debug|Any CPU.Build.0 = Debug|Any CPU
		{81950D6E-48EA-4B36-9A82-3589685FC691}.Release|Any CPU.ActiveCfg = Release|Any CPU
		{81950D6E-48EA-4B36-9A82-3589685FC691}.Release|Any CPU.Build.0 = Release|Any CPU
		{FB3614D0-CA94-44BF-8D53-E356A1FFF816}.AWS|Any CPU.ActiveCfg = AWS|Any CPU
		{FB3614D0-CA94-44BF-8D53-E356A1FFF816}.AWS|Any CPU.Build.0 = AWS|Any CPU
		{FB3614D0-CA94-44BF-8D53-E356A1FFF816}.AwsTest|Any CPU.ActiveCfg = AwsTest|Any CPU
		{FB3614D0-CA94-44BF-8D53-E356A1FFF816}.AwsTest|Any CPU.Build.0 = AwsTest|Any CPU
		{FB3614D0-CA94-44BF-8D53-E356A1FFF816}.Debug|Any CPU.ActiveCfg = Debug|Any CPU
		{FB3614D0-CA94-44BF-8D53-E356A1FFF816}.Debug|Any CPU.Build.0 = Debug|Any CPU
		{FB3614D0-CA94-44BF-8D53-E356A1FFF816}.Release|Any CPU.ActiveCfg = Release|Any CPU
		{FB3614D0-CA94-44BF-8D53-E356A1FFF816}.Release|Any CPU.Build.0 = Release|Any CPU
		{FB3614D0-CA94-44BF-8D53-E356A1FFF817}.AWS|Any CPU.ActiveCfg = AWS|Any CPU
		{FB3614D0-CA94-44BF-8D53-E356A1FFF817}.AWS|Any CPU.Build.0 = AWS|Any CPU
		{FB3614D0-CA94-44BF-8D53-E356A1FFF817}.AwsTest|Any CPU.ActiveCfg = AwsTest|Any CPU
		{FB3614D0-CA94-44BF-8D53-E356A1FFF817}.AwsTest|Any CPU.Build.0 = AwsTest|Any CPU
		{FB3614D0-CA94-44BF-8D53-E356A1FFF817}.Debug|Any CPU.ActiveCfg = Debug|Any CPU
		{FB3614D0-CA94-44BF-8D53-E356A1FFF817}.Debug|Any CPU.Build.0 = Debug|Any CPU
		{FB3614D0-CA94-44BF-8D53-E356A1FFF817}.Release|Any CPU.ActiveCfg = Release|Any CPU
		{FB3614D0-CA94-44BF-8D53-E356A1FFF817}.Release|Any CPU.Build.0 = Release|Any CPU
	EndGlobalSection
	GlobalSection(SolutionProperties) = preSolution
		HideSolutionNode = FALSE
	EndGlobalSection
	GlobalSection(ExtensibilityGlobals) = postSolution
		SolutionGuid = {7336EC4C-1789-4332-917A-E2C70E15C8F2}
	EndGlobalSection
EndGlobal
